
Microsoft Visual Studio Solution File, Format Version 12.00
# Visual Studio Version 17
VisualStudioVersion = 17.14.36717.8
MinimumVisualStudioVersion = 10.0.40219.1
Project("{FAE04EC0-301F-11D3-BF4B-00C04F79EFBC}") = "PokIpsoBowl_Blazor", "PokIpsoBowl_Blazor\PokIpsoBowl_Blazor.csproj", "{B035CB99-45AC-45E2-98D9-6F0BB643E7CC}"
EndProject
Global
	GlobalSection(SolutionConfigurationPlatforms) = preSolution
		Debug|Any CPU = Debug|Any CPU
		Release|Any CPU = Release|Any CPU
	EndGlobalSection
	GlobalSection(ProjectConfigurationPlatforms) = postSolution
		{B035CB99-45AC-45E2-98D9-6F0BB643E7CC}.Debug|Any CPU.ActiveCfg = Debug|Any CPU
		{B035CB99-45AC-45E2-98D9-6F0BB643E7CC}.Debug|Any CPU.Build.0 = Debug|Any CPU
		{B035CB99-45AC-45E2-98D9-6F0BB643E7CC}.Release|Any CPU.ActiveCfg = Release|Any CPU
		{B035CB99-45AC-45E2-98D9-6F0BB643E7CC}.Release|Any CPU.Build.0 = Release|Any CPU
	EndGlobalSection
	GlobalSection(SolutionProperties) = preSolution
		HideSolutionNode = FALSE
	EndGlobalSection
	GlobalSection(ExtensibilityGlobals) = postSolution
		SolutionGuid = {91B03F4F-6591-4C36-8589-B7318B7B7857}
	EndGlobalSection
EndGlobal
